// !$*UTF8*$!
{
	archiveVersion = 1;
	classes = {
	};
	objectVersion = 56;
	objects = {

/* Begin PBXBuildFile section */
		6E8EADB02C59DBF200D12A20 /* FlickrSearchrApp.swift in Sources */ = {isa = PBXBuildFile; fileRef = 6E8EADAF2C59DBF200D12A20 /* FlickrSearchrApp.swift */; };
		6E8EADB22C59DBF200D12A20 /* ContentView.swift in Sources */ = {isa = PBXBuildFile; fileRef = 6E8EADB12C59DBF200D12A20 /* ContentView.swift */; };
		6E8EADB42C59DBF200D12A20 /* FlickrResponse.swift in Sources */ = {isa = PBXBuildFile; fileRef = 6E8EADB32C59DBF200D12A20 /* FlickrResponse.swift */; };
		6E8EADB62C59DBF300D12A20 /* Assets.xcassets in Resources */ = {isa = PBXBuildFile; fileRef = 6E8EADB52C59DBF300D12A20 /* Assets.xcassets */; };
		6E8EADBA2C59DBF300D12A20 /* Preview Assets.xcassets in Resources */ = {isa = PBXBuildFile; fileRef = 6E8EADB92C59DBF300D12A20 /* Preview Assets.xcassets */; };
		6E8EADC42C59DBF300D12A20 /* FlickrSearchrTests.swift in Sources */ = {isa = PBXBuildFile; fileRef = 6E8EADC32C59DBF300D12A20 /* FlickrSearchrTests.swift */; };
		6E8EADCE2C59DBF300D12A20 /* FlickrSearchrUITests.swift in Sources */ = {isa = PBXBuildFile; fileRef = 6E8EADCD2C59DBF300D12A20 /* FlickrSearchrUITests.swift */; };
		6E8EADD02C59DBF300D12A20 /* FlickrSearchrUITestsLaunchTests.swift in Sources */ = {isa = PBXBuildFile; fileRef = 6E8EADCF2C59DBF300D12A20 /* FlickrSearchrUITestsLaunchTests.swift */; };
		6E8EADDD2C59DE9300D12A20 /* FlickrAPI.swift in Sources */ = {isa = PBXBuildFile; fileRef = 6E8EADDC2C59DE9300D12A20 /* FlickrAPI.swift */; };
		6E8EADE02C59E60800D12A20 /* Papyrus in Frameworks */ = {isa = PBXBuildFile; productRef = 6E8EADDF2C59E60800D12A20 /* Papyrus */; };
		6E8EADE22C59E60800D12A20 /* PapyrusCore in Frameworks */ = {isa = PBXBuildFile; productRef = 6E8EADE12C59E60800D12A20 /* PapyrusCore */; };
		6E8EADE42C59E63000D12A20 /* FlickrStore.swift in Sources */ = {isa = PBXBuildFile; fileRef = 6E8EADE32C59E63000D12A20 /* FlickrStore.swift */; };
		6E8EADE72C5A027600D12A20 /* Kingfisher in Frameworks */ = {isa = PBXBuildFile; productRef = 6E8EADE62C5A027600D12A20 /* Kingfisher */; };
		6E8EADEB2C5A647C00D12A20 /* FlickrItemFind.swift in Sources */ = {isa = PBXBuildFile; fileRef = 6E8EADEA2C5A647C00D12A20 /* FlickrItemFind.swift */; };
		6E8EADEE2C5A64F200D12A20 /* FlickrItemDetail.swift in Sources */ = {isa = PBXBuildFile; fileRef = 6E8EADED2C5A64F200D12A20 /* FlickrItemDetail.swift */; };
		6E8EADF02C5A786900D12A20 /* FlickrImage.swift in Sources */ = {isa = PBXBuildFile; fileRef = 6E8EADEF2C5A786900D12A20 /* FlickrImage.swift */; };
		D4CB50E52C5AA59400BED3C2 /* FlickrStoreDetail.swift in Sources */ = {isa = PBXBuildFile; fileRef = D4CB50E42C5AA57F00BED3C2 /* FlickrStoreDetail.swift */; };
/* End PBXBuildFile section */

/* Begin PBXContainerItemProxy section */
		6E8EADC02C59DBF300D12A20 /* PBXContainerItemProxy */ = {
			isa = PBXContainerItemProxy;
			containerPortal = 6E8EADA42C59DBF200D12A20 /* Project object */;
			proxyType = 1;
			remoteGlobalIDString = 6E8EADAB2C59DBF200D12A20;
			remoteInfo = FlickrSearchr;
		};
		6E8EADCA2C59DBF300D12A20 /* PBXContainerItemProxy */ = {
			isa = PBXContainerItemProxy;
			containerPortal = 6E8EADA42C59DBF200D12A20 /* Project object */;
			proxyType = 1;
			remoteGlobalIDString = 6E8EADAB2C59DBF200D12A20;
			remoteInfo = FlickrSearchr;
		};
/* End PBXContainerItemProxy section */

/* Begin PBXFileReference section */
		6E8EADAC2C59DBF200D12A20 /* FlickrSearchr.app */ = {isa = PBXFileReference; explicitFileType = wrapper.application; includeInIndex = 0; path = FlickrSearchr.app; sourceTree = BUILT_PRODUCTS_DIR; };
		6E8EADAF2C59DBF200D12A20 /* FlickrSearchrApp.swift */ = {isa = PBXFileReference; lastKnownFileType = sourcecode.swift; path = FlickrSearchrApp.swift; sourceTree = "<group>"; };
		6E8EADB12C59DBF200D12A20 /* ContentView.swift */ = {isa = PBXFileReference; lastKnownFileType = sourcecode.swift; path = ContentView.swift; sourceTree = "<group>"; };
		6E8EADB32C59DBF200D12A20 /* FlickrResponse.swift */ = {isa = PBXFileReference; lastKnownFileType = sourcecode.swift; path = FlickrResponse.swift; sourceTree = "<group>"; };
		6E8EADB52C59DBF300D12A20 /* Assets.xcassets */ = {isa = PBXFileReference; lastKnownFileType = folder.assetcatalog; path = Assets.xcassets; sourceTree = "<group>"; };
		6E8EADB72C59DBF300D12A20 /* FlickrSearchr.entitlements */ = {isa = PBXFileReference; lastKnownFileType = text.plist.entitlements; path = FlickrSearchr.entitlements; sourceTree = "<group>"; };
		6E8EADB92C59DBF300D12A20 /* Preview Assets.xcassets */ = {isa = PBXFileReference; lastKnownFileType = folder.assetcatalog; path = "Preview Assets.xcassets"; sourceTree = "<group>"; };
		6E8EADBF2C59DBF300D12A20 /* FlickrSearchrTests.xctest */ = {isa = PBXFileReference; explicitFileType = wrapper.cfbundle; includeInIndex = 0; path = FlickrSearchrTests.xctest; sourceTree = BUILT_PRODUCTS_DIR; };
		6E8EADC32C59DBF300D12A20 /* FlickrSearchrTests.swift */ = {isa = PBXFileReference; lastKnownFileType = sourcecode.swift; path = FlickrSearchrTests.swift; sourceTree = "<group>"; };
		6E8EADC92C59DBF300D12A20 /* FlickrSearchrUITests.xctest */ = {isa = PBXFileReference; explicitFileType = wrapper.cfbundle; includeInIndex = 0; path = FlickrSearchrUITests.xctest; sourceTree = BUILT_PRODUCTS_DIR; };
		6E8EADCD2C59DBF300D12A20 /* FlickrSearchrUITests.swift */ = {isa = PBXFileReference; lastKnownFileType = sourcecode.swift; path = FlickrSearchrUITests.swift; sourceTree = "<group>"; };
		6E8EADCF2C59DBF300D12A20 /* FlickrSearchrUITestsLaunchTests.swift */ = {isa = PBXFileReference; lastKnownFileType = sourcecode.swift; path = FlickrSearchrUITestsLaunchTests.swift; sourceTree = "<group>"; };
		6E8EADDC2C59DE9300D12A20 /* FlickrAPI.swift */ = {isa = PBXFileReference; lastKnownFileType = sourcecode.swift; path = FlickrAPI.swift; sourceTree = "<group>"; };
		6E8EADE32C59E63000D12A20 /* FlickrStore.swift */ = {isa = PBXFileReference; lastKnownFileType = sourcecode.swift; path = FlickrStore.swift; sourceTree = "<group>"; };
		6E8EADEA2C5A647C00D12A20 /* FlickrItemFind.swift */ = {isa = PBXFileReference; lastKnownFileType = sourcecode.swift; path = FlickrItemFind.swift; sourceTree = "<group>"; };
		6E8EADED2C5A64F200D12A20 /* FlickrItemDetail.swift */ = {isa = PBXFileReference; lastKnownFileType = sourcecode.swift; path = FlickrItemDetail.swift; sourceTree = "<group>"; };
		6E8EADEF2C5A786900D12A20 /* FlickrImage.swift */ = {isa = PBXFileReference; lastKnownFileType = sourcecode.swift; path = FlickrImage.swift; sourceTree = "<group>"; };
		D4CB50E42C5AA57F00BED3C2 /* FlickrStoreDetail.swift */ = {isa = PBXFileReference; lastKnownFileType = sourcecode.swift; path = FlickrStoreDetail.swift; sourceTree = "<group>"; };
/* End PBXFileReference section */

/* Begin PBXFrameworksBuildPhase section */
		6E8EADA92C59DBF200D12A20 /* Frameworks */ = {
			isa = PBXFrameworksBuildPhase;
			buildActionMask = 2147483647;
			files = (
				6E8EADE72C5A027600D12A20 /* Kingfisher in Frameworks */,
				6E8EADE22C59E60800D12A20 /* PapyrusCore in Frameworks */,
				6E8EADE02C59E60800D12A20 /* Papyrus in Frameworks */,
			);
			runOnlyForDeploymentPostprocessing = 0;
		};
		6E8EADBC2C59DBF300D12A20 /* Frameworks */ = {
			isa = PBXFrameworksBuildPhase;
			buildActionMask = 2147483647;
			files = (
			);
			runOnlyForDeploymentPostprocessing = 0;
		};
		6E8EADC62C59DBF300D12A20 /* Frameworks */ = {
			isa = PBXFrameworksBuildPhase;
			buildActionMask = 2147483647;
			files = (
			);
			runOnlyForDeploymentPostprocessing = 0;
		};
/* End PBXFrameworksBuildPhase section */

/* Begin PBXGroup section */
		6E8EADA32C59DBF200D12A20 = {
			isa = PBXGroup;
			children = (
				6E8EADAE2C59DBF200D12A20 /* FlickrSearchr */,
				6E8EADC22C59DBF300D12A20 /* FlickrSearchrTests */,
				6E8EADCC2C59DBF300D12A20 /* FlickrSearchrUITests */,
				6E8EADAD2C59DBF200D12A20 /* Products */,
			);
			sourceTree = "<group>";
		};
		6E8EADAD2C59DBF200D12A20 /* Products */ = {
			isa = PBXGroup;
			children = (
				6E8EADAC2C59DBF200D12A20 /* FlickrSearchr.app */,
				6E8EADBF2C59DBF300D12A20 /* FlickrSearchrTests.xctest */,
				6E8EADC92C59DBF300D12A20 /* FlickrSearchrUITests.xctest */,
			);
			name = Products;
			sourceTree = "<group>";
		};
		6E8EADAE2C59DBF200D12A20 /* FlickrSearchr */ = {
			isa = PBXGroup;
			children = (
				6E8EADAF2C59DBF200D12A20 /* FlickrSearchrApp.swift */,
				6E8EADB12C59DBF200D12A20 /* ContentView.swift */,
				6E8EADEC2C5A649200D12A20 /* Views */,
				6E8EADE82C5A642D00D12A20 /* Networking */,
				6E8EADE92C5A643E00D12A20 /* Data Models */,
				6E8EADB52C59DBF300D12A20 /* Assets.xcassets */,
				6E8EADB72C59DBF300D12A20 /* FlickrSearchr.entitlements */,
				6E8EADB82C59DBF300D12A20 /* Preview Content */,
			);
			path = FlickrSearchr;
			sourceTree = "<group>";
		};
		6E8EADB82C59DBF300D12A20 /* Preview Content */ = {
			isa = PBXGroup;
			children = (
				6E8EADB92C59DBF300D12A20 /* Preview Assets.xcassets */,
			);
			path = "Preview Content";
			sourceTree = "<group>";
		};
		6E8EADC22C59DBF300D12A20 /* FlickrSearchrTests */ = {
			isa = PBXGroup;
			children = (
				6E8EADC32C59DBF300D12A20 /* FlickrSearchrTests.swift */,
			);
			path = FlickrSearchrTests;
			sourceTree = "<group>";
		};
		6E8EADCC2C59DBF300D12A20 /* FlickrSearchrUITests */ = {
			isa = PBXGroup;
			children = (
				6E8EADCD2C59DBF300D12A20 /* FlickrSearchrUITests.swift */,
				6E8EADCF2C59DBF300D12A20 /* FlickrSearchrUITestsLaunchTests.swift */,
			);
			path = FlickrSearchrUITests;
			sourceTree = "<group>";
		};
		6E8EADE82C5A642D00D12A20 /* Networking */ = {
			isa = PBXGroup;
			children = (
				6E8EADB32C59DBF200D12A20 /* FlickrResponse.swift */,
				6E8EADDC2C59DE9300D12A20 /* FlickrAPI.swift */,
			);
			path = Networking;
			sourceTree = "<group>";
		};
		6E8EADE92C5A643E00D12A20 /* Data Models */ = {
			isa = PBXGroup;
			children = (
				6E8EADE32C59E63000D12A20 /* FlickrStore.swift */,
			);
			path = "Data Models";
			sourceTree = "<group>";
		};
		6E8EADEC2C5A649200D12A20 /* Views */ = {
			isa = PBXGroup;
			children = (
				D4CB50E42C5AA57F00BED3C2 /* FlickrStoreDetail.swift */,
				6E8EADEA2C5A647C00D12A20 /* FlickrItemFind.swift */,
				6E8EADED2C5A64F200D12A20 /* FlickrItemDetail.swift */,
				6E8EADEF2C5A786900D12A20 /* FlickrImage.swift */,
			);
			path = Views;
			sourceTree = "<group>";
		};
/* End PBXGroup section */

/* Begin PBXNativeTarget section */
		6E8EADAB2C59DBF200D12A20 /* FlickrSearchr */ = {
			isa = PBXNativeTarget;
			buildConfigurationList = 6E8EADD32C59DBF300D12A20 /* Build configuration list for PBXNativeTarget "FlickrSearchr" */;
			buildPhases = (
				6E8EADA82C59DBF200D12A20 /* Sources */,
				6E8EADA92C59DBF200D12A20 /* Frameworks */,
				6E8EADAA2C59DBF200D12A20 /* Resources */,
			);
			buildRules = (
			);
			dependencies = (
			);
			name = FlickrSearchr;
			packageProductDependencies = (
				6E8EADDF2C59E60800D12A20 /* Papyrus */,
				6E8EADE12C59E60800D12A20 /* PapyrusCore */,
				6E8EADE62C5A027600D12A20 /* Kingfisher */,
			);
			productName = FlickrSearchr;
			productReference = 6E8EADAC2C59DBF200D12A20 /* FlickrSearchr.app */;
			productType = "com.apple.product-type.application";
		};
		6E8EADBE2C59DBF300D12A20 /* FlickrSearchrTests */ = {
			isa = PBXNativeTarget;
			buildConfigurationList = 6E8EADD62C59DBF300D12A20 /* Build configuration list for PBXNativeTarget "FlickrSearchrTests" */;
			buildPhases = (
				6E8EADBB2C59DBF300D12A20 /* Sources */,
				6E8EADBC2C59DBF300D12A20 /* Frameworks */,
				6E8EADBD2C59DBF300D12A20 /* Resources */,
			);
			buildRules = (
			);
			dependencies = (
				6E8EADC12C59DBF300D12A20 /* PBXTargetDependency */,
			);
			name = FlickrSearchrTests;
			productName = FlickrSearchrTests;
			productReference = 6E8EADBF2C59DBF300D12A20 /* FlickrSearchrTests.xctest */;
			productType = "com.apple.product-type.bundle.unit-test";
		};
		6E8EADC82C59DBF300D12A20 /* FlickrSearchrUITests */ = {
			isa = PBXNativeTarget;
			buildConfigurationList = 6E8EADD92C59DBF300D12A20 /* Build configuration list for PBXNativeTarget "FlickrSearchrUITests" */;
			buildPhases = (
				6E8EADC52C59DBF300D12A20 /* Sources */,
				6E8EADC62C59DBF300D12A20 /* Frameworks */,
				6E8EADC72C59DBF300D12A20 /* Resources */,
			);
			buildRules = (
			);
			dependencies = (
				6E8EADCB2C59DBF300D12A20 /* PBXTargetDependency */,
			);
			name = FlickrSearchrUITests;
			productName = FlickrSearchrUITests;
			productReference = 6E8EADC92C59DBF300D12A20 /* FlickrSearchrUITests.xctest */;
			productType = "com.apple.product-type.bundle.ui-testing";
		};
/* End PBXNativeTarget section */

/* Begin PBXProject section */
		6E8EADA42C59DBF200D12A20 /* Project object */ = {
			isa = PBXProject;
			attributes = {
				BuildIndependentTargetsInParallel = 1;
				LastSwiftUpdateCheck = 1540;
				LastUpgradeCheck = 1600;
				TargetAttributes = {
					6E8EADAB2C59DBF200D12A20 = {
						CreatedOnToolsVersion = 15.4;
					};
					6E8EADBE2C59DBF300D12A20 = {
						CreatedOnToolsVersion = 15.4;
						TestTargetID = 6E8EADAB2C59DBF200D12A20;
					};
					6E8EADC82C59DBF300D12A20 = {
						CreatedOnToolsVersion = 15.4;
						TestTargetID = 6E8EADAB2C59DBF200D12A20;
					};
				};
			};
			buildConfigurationList = 6E8EADA72C59DBF200D12A20 /* Build configuration list for PBXProject "FlickrSearchr" */;
			compatibilityVersion = "Xcode 14.0";
			developmentRegion = en;
			hasScannedForEncodings = 0;
			knownRegions = (
				en,
				Base,
			);
			mainGroup = 6E8EADA32C59DBF200D12A20;
			packageReferences = (
				6E8EADDE2C59E60800D12A20 /* XCRemoteSwiftPackageReference "papyrus" */,
				6E8EADE52C5A027600D12A20 /* XCRemoteSwiftPackageReference "Kingfisher" */,
			);
			productRefGroup = 6E8EADAD2C59DBF200D12A20 /* Products */;
			projectDirPath = "";
			projectRoot = "";
			targets = (
				6E8EADAB2C59DBF200D12A20 /* FlickrSearchr */,
				6E8EADBE2C59DBF300D12A20 /* FlickrSearchrTests */,
				6E8EADC82C59DBF300D12A20 /* FlickrSearchrUITests */,
			);
		};
/* End PBXProject section */

/* Begin PBXResourcesBuildPhase section */
		6E8EADAA2C59DBF200D12A20 /* Resources */ = {
			isa = PBXResourcesBuildPhase;
			buildActionMask = 2147483647;
			files = (
				6E8EADBA2C59DBF300D12A20 /* Preview Assets.xcassets in Resources */,
				6E8EADB62C59DBF300D12A20 /* Assets.xcassets in Resources */,
			);
			runOnlyForDeploymentPostprocessing = 0;
		};
		6E8EADBD2C59DBF300D12A20 /* Resources */ = {
			isa = PBXResourcesBuildPhase;
			buildActionMask = 2147483647;
			files = (
			);
			runOnlyForDeploymentPostprocessing = 0;
		};
		6E8EADC72C59DBF300D12A20 /* Resources */ = {
			isa = PBXResourcesBuildPhase;
			buildActionMask = 2147483647;
			files = (
			);
			runOnlyForDeploymentPostprocessing = 0;
		};
/* End PBXResourcesBuildPhase section */

/* Begin PBXSourcesBuildPhase section */
		6E8EADA82C59DBF200D12A20 /* Sources */ = {
			isa = PBXSourcesBuildPhase;
			buildActionMask = 2147483647;
			files = (
				6E8EADDD2C59DE9300D12A20 /* FlickrAPI.swift in Sources */,
				6E8EADB22C59DBF200D12A20 /* ContentView.swift in Sources */,
				6E8EADF02C5A786900D12A20 /* FlickrImage.swift in Sources */,
				6E8EADB42C59DBF200D12A20 /* FlickrResponse.swift in Sources */,
				6E8EADE42C59E63000D12A20 /* FlickrStore.swift in Sources */,
				6E8EADEE2C5A64F200D12A20 /* FlickrItemDetail.swift in Sources */,
				D4CB50E52C5AA59400BED3C2 /* FlickrStoreDetail.swift in Sources */,
				6E8EADEB2C5A647C00D12A20 /* FlickrItemFind.swift in Sources */,
				6E8EADB02C59DBF200D12A20 /* FlickrSearchrApp.swift in Sources */,
			);
			runOnlyForDeploymentPostprocessing = 0;
		};
		6E8EADBB2C59DBF300D12A20 /* Sources */ = {
			isa = PBXSourcesBuildPhase;
			buildActionMask = 2147483647;
			files = (
				6E8EADC42C59DBF300D12A20 /* FlickrSearchrTests.swift in Sources */,
			);
			runOnlyForDeploymentPostprocessing = 0;
		};
		6E8EADC52C59DBF300D12A20 /* Sources */ = {
			isa = PBXSourcesBuildPhase;
			buildActionMask = 2147483647;
			files = (
				6E8EADD02C59DBF300D12A20 /* FlickrSearchrUITestsLaunchTests.swift in Sources */,
				6E8EADCE2C59DBF300D12A20 /* FlickrSearchrUITests.swift in Sources */,
			);
			runOnlyForDeploymentPostprocessing = 0;
		};
/* End PBXSourcesBuildPhase section */

/* Begin PBXTargetDependency section */
		6E8EADC12C59DBF300D12A20 /* PBXTargetDependency */ = {
			isa = PBXTargetDependency;
			target = 6E8EADAB2C59DBF200D12A20 /* FlickrSearchr */;
			targetProxy = 6E8EADC02C59DBF300D12A20 /* PBXContainerItemProxy */;
		};
		6E8EADCB2C59DBF300D12A20 /* PBXTargetDependency */ = {
			isa = PBXTargetDependency;
			target = 6E8EADAB2C59DBF200D12A20 /* FlickrSearchr */;
			targetProxy = 6E8EADCA2C59DBF300D12A20 /* PBXContainerItemProxy */;
		};
/* End PBXTargetDependency section */

/* Begin XCBuildConfiguration section */
		6E8EADD12C59DBF300D12A20 /* Debug */ = {
			isa = XCBuildConfiguration;
			buildSettings = {
				ALWAYS_SEARCH_USER_PATHS = NO;
				ASSETCATALOG_COMPILER_GENERATE_SWIFT_ASSET_SYMBOL_EXTENSIONS = YES;
				CLANG_ANALYZER_NONNULL = YES;
				CLANG_ANALYZER_NUMBER_OBJECT_CONVERSION = YES_AGGRESSIVE;
				CLANG_CXX_LANGUAGE_STANDARD = "gnu++20";
				CLANG_ENABLE_MODULES = YES;
				CLANG_ENABLE_OBJC_ARC = YES;
				CLANG_ENABLE_OBJC_WEAK = YES;
				CLANG_WARN_BLOCK_CAPTURE_AUTORELEASING = YES;
				CLANG_WARN_BOOL_CONVERSION = YES;
				CLANG_WARN_COMMA = YES;
				CLANG_WARN_CONSTANT_CONVERSION = YES;
				CLANG_WARN_DEPRECATED_OBJC_IMPLEMENTATIONS = YES;
				CLANG_WARN_DIRECT_OBJC_ISA_USAGE = YES_ERROR;
				CLANG_WARN_DOCUMENTATION_COMMENTS = YES;
				CLANG_WARN_EMPTY_BODY = YES;
				CLANG_WARN_ENUM_CONVERSION = YES;
				CLANG_WARN_INFINITE_RECURSION = YES;
				CLANG_WARN_INT_CONVERSION = YES;
				CLANG_WARN_NON_LITERAL_NULL_CONVERSION = YES;
				CLANG_WARN_OBJC_IMPLICIT_RETAIN_SELF = YES;
				CLANG_WARN_OBJC_LITERAL_CONVERSION = YES;
				CLANG_WARN_OBJC_ROOT_CLASS = YES_ERROR;
				CLANG_WARN_QUOTED_INCLUDE_IN_FRAMEWORK_HEADER = YES;
				CLANG_WARN_RANGE_LOOP_ANALYSIS = YES;
				CLANG_WARN_STRICT_PROTOTYPES = YES;
				CLANG_WARN_SUSPICIOUS_MOVE = YES;
				CLANG_WARN_UNGUARDED_AVAILABILITY = YES_AGGRESSIVE;
				CLANG_WARN_UNREACHABLE_CODE = YES;
				CLANG_WARN__DUPLICATE_METHOD_MATCH = YES;
				COPY_PHASE_STRIP = NO;
				DEAD_CODE_STRIPPING = YES;
				DEBUG_INFORMATION_FORMAT = dwarf;
				ENABLE_STRICT_OBJC_MSGSEND = YES;
				ENABLE_TESTABILITY = YES;
				ENABLE_USER_SCRIPT_SANDBOXING = YES;
				GCC_C_LANGUAGE_STANDARD = gnu17;
				GCC_DYNAMIC_NO_PIC = NO;
				GCC_NO_COMMON_BLOCKS = YES;
				GCC_OPTIMIZATION_LEVEL = 0;
				GCC_PREPROCESSOR_DEFINITIONS = (
					"DEBUG=1",
					"$(inherited)",
				);
				GCC_WARN_64_TO_32_BIT_CONVERSION = YES;
				GCC_WARN_ABOUT_RETURN_TYPE = YES_ERROR;
				GCC_WARN_UNDECLARED_SELECTOR = YES;
				GCC_WARN_UNINITIALIZED_AUTOS = YES_AGGRESSIVE;
				GCC_WARN_UNUSED_FUNCTION = YES;
				GCC_WARN_UNUSED_VARIABLE = YES;
				LOCALIZATION_PREFERS_STRING_CATALOGS = YES;
				MTL_ENABLE_DEBUG_INFO = INCLUDE_SOURCE;
				MTL_FAST_MATH = YES;
				ONLY_ACTIVE_ARCH = YES;
				SWIFT_ACTIVE_COMPILATION_CONDITIONS = "DEBUG $(inherited)";
				SWIFT_OPTIMIZATION_LEVEL = "-Onone";
			};
			name = Debug;
		};
		6E8EADD22C59DBF300D12A20 /* Release */ = {
			isa = XCBuildConfiguration;
			buildSettings = {
				ALWAYS_SEARCH_USER_PATHS = NO;
				ASSETCATALOG_COMPILER_GENERATE_SWIFT_ASSET_SYMBOL_EXTENSIONS = YES;
				CLANG_ANALYZER_NONNULL = YES;
				CLANG_ANALYZER_NUMBER_OBJECT_CONVERSION = YES_AGGRESSIVE;
				CLANG_CXX_LANGUAGE_STANDARD = "gnu++20";
				CLANG_ENABLE_MODULES = YES;
				CLANG_ENABLE_OBJC_ARC = YES;
				CLANG_ENABLE_OBJC_WEAK = YES;
				CLANG_WARN_BLOCK_CAPTURE_AUTORELEASING = YES;
				CLANG_WARN_BOOL_CONVERSION = YES;
				CLANG_WARN_COMMA = YES;
				CLANG_WARN_CONSTANT_CONVERSION = YES;
				CLANG_WARN_DEPRECATED_OBJC_IMPLEMENTATIONS = YES;
				CLANG_WARN_DIRECT_OBJC_ISA_USAGE = YES_ERROR;
				CLANG_WARN_DOCUMENTATION_COMMENTS = YES;
				CLANG_WARN_EMPTY_BODY = YES;
				CLANG_WARN_ENUM_CONVERSION = YES;
				CLANG_WARN_INFINITE_RECURSION = YES;
				CLANG_WARN_INT_CONVERSION = YES;
				CLANG_WARN_NON_LITERAL_NULL_CONVERSION = YES;
				CLANG_WARN_OBJC_IMPLICIT_RETAIN_SELF = YES;
				CLANG_WARN_OBJC_LITERAL_CONVERSION = YES;
				CLANG_WARN_OBJC_ROOT_CLASS = YES_ERROR;
				CLANG_WARN_QUOTED_INCLUDE_IN_FRAMEWORK_HEADER = YES;
				CLANG_WARN_RANGE_LOOP_ANALYSIS = YES;
				CLANG_WARN_STRICT_PROTOTYPES = YES;
				CLANG_WARN_SUSPICIOUS_MOVE = YES;
				CLANG_WARN_UNGUARDED_AVAILABILITY = YES_AGGRESSIVE;
				CLANG_WARN_UNREACHABLE_CODE = YES;
				CLANG_WARN__DUPLICATE_METHOD_MATCH = YES;
				COPY_PHASE_STRIP = NO;
				DEAD_CODE_STRIPPING = YES;
				DEBUG_INFORMATION_FORMAT = "dwarf-with-dsym";
				ENABLE_NS_ASSERTIONS = NO;
				ENABLE_STRICT_OBJC_MSGSEND = YES;
				ENABLE_USER_SCRIPT_SANDBOXING = YES;
				GCC_C_LANGUAGE_STANDARD = gnu17;
				GCC_NO_COMMON_BLOCKS = YES;
				GCC_WARN_64_TO_32_BIT_CONVERSION = YES;
				GCC_WARN_ABOUT_RETURN_TYPE = YES_ERROR;
				GCC_WARN_UNDECLARED_SELECTOR = YES;
				GCC_WARN_UNINITIALIZED_AUTOS = YES_AGGRESSIVE;
				GCC_WARN_UNUSED_FUNCTION = YES;
				GCC_WARN_UNUSED_VARIABLE = YES;
				LOCALIZATION_PREFERS_STRING_CATALOGS = YES;
				MTL_ENABLE_DEBUG_INFO = NO;
				MTL_FAST_MATH = YES;
				SWIFT_COMPILATION_MODE = wholemodule;
			};
			name = Release;
		};
		6E8EADD42C59DBF300D12A20 /* Debug */ = {
			isa = XCBuildConfiguration;
			buildSettings = {
				ASSETCATALOG_COMPILER_APPICON_NAME = AppIcon;
				ASSETCATALOG_COMPILER_GLOBAL_ACCENT_COLOR_NAME = AccentColor;
				CODE_SIGN_ENTITLEMENTS = FlickrSearchr/FlickrSearchr.entitlements;
				CODE_SIGN_STYLE = Automatic;
				CURRENT_PROJECT_VERSION = 1;
				DEAD_CODE_STRIPPING = YES;
				DEVELOPMENT_ASSET_PATHS = "\"FlickrSearchr/Preview Content\"";
				DEVELOPMENT_TEAM = 5HD6EEB69R;
				ENABLE_HARDENED_RUNTIME = YES;
				ENABLE_PREVIEWS = YES;
				GENERATE_INFOPLIST_FILE = YES;
				INFOPLIST_KEY_CFBundleDisplayName = "Flickr Searchr";
				"INFOPLIST_KEY_UIApplicationSceneManifest_Generation[sdk=iphoneos*]" = YES;
				"INFOPLIST_KEY_UIApplicationSceneManifest_Generation[sdk=iphonesimulator*]" = YES;
				"INFOPLIST_KEY_UIApplicationSupportsIndirectInputEvents[sdk=iphoneos*]" = YES;
				"INFOPLIST_KEY_UIApplicationSupportsIndirectInputEvents[sdk=iphonesimulator*]" = YES;
				"INFOPLIST_KEY_UILaunchScreen_Generation[sdk=iphoneos*]" = YES;
				"INFOPLIST_KEY_UILaunchScreen_Generation[sdk=iphonesimulator*]" = YES;
				"INFOPLIST_KEY_UIStatusBarStyle[sdk=iphoneos*]" = UIStatusBarStyleDefault;
				"INFOPLIST_KEY_UIStatusBarStyle[sdk=iphonesimulator*]" = UIStatusBarStyleDefault;
				INFOPLIST_KEY_UISupportedInterfaceOrientations_iPad = "UIInterfaceOrientationPortrait UIInterfaceOrientationPortraitUpsideDown UIInterfaceOrientationLandscapeLeft UIInterfaceOrientationLandscapeRight";
				INFOPLIST_KEY_UISupportedInterfaceOrientations_iPhone = "UIInterfaceOrientationPortrait UIInterfaceOrientationLandscapeLeft UIInterfaceOrientationLandscapeRight";
				IPHONEOS_DEPLOYMENT_TARGET = 17.5;
				LD_RUNPATH_SEARCH_PATHS = "@executable_path/Frameworks";
				"LD_RUNPATH_SEARCH_PATHS[sdk=macosx*]" = "@executable_path/../Frameworks";
				MACOSX_DEPLOYMENT_TARGET = 14.0;
				MARKETING_VERSION = 1.0;
				PRODUCT_BUNDLE_IDENTIFIER = com.ingazingadinga.FlickrSearchr;
				PRODUCT_NAME = "$(TARGET_NAME)";
				SDKROOT = auto;
				SUPPORTED_PLATFORMS = "iphoneos iphonesimulator macosx";
				SWIFT_EMIT_LOC_STRINGS = YES;
				SWIFT_VERSION = 5.0;
				TARGETED_DEVICE_FAMILY = "1,2";
			};
			name = Debug;
		};
		6E8EADD52C59DBF300D12A20 /* Release */ = {
			isa = XCBuildConfiguration;
			buildSettings = {
				ASSETCATALOG_COMPILER_APPICON_NAME = AppIcon;
				ASSETCATALOG_COMPILER_GLOBAL_ACCENT_COLOR_NAME = AccentColor;
				CODE_SIGN_ENTITLEMENTS = FlickrSearchr/FlickrSearchr.entitlements;
				CODE_SIGN_STYLE = Automatic;
				CURRENT_PROJECT_VERSION = 1;
				DEAD_CODE_STRIPPING = YES;
				DEVELOPMENT_ASSET_PATHS = "\"FlickrSearchr/Preview Content\"";
				DEVELOPMENT_TEAM = 5HD6EEB69R;
				ENABLE_HARDENED_RUNTIME = YES;
				ENABLE_PREVIEWS = YES;
				GENERATE_INFOPLIST_FILE = YES;
				INFOPLIST_KEY_CFBundleDisplayName = "Flickr Searchr";
				"INFOPLIST_KEY_UIApplicationSceneManifest_Generation[sdk=iphoneos*]" = YES;
				"INFOPLIST_KEY_UIApplicationSceneManifest_Generation[sdk=iphonesimulator*]" = YES;
				"INFOPLIST_KEY_UIApplicationSupportsIndirectInputEvents[sdk=iphoneos*]" = YES;
				"INFOPLIST_KEY_UIApplicationSupportsIndirectInputEvents[sdk=iphonesimulator*]" = YES;
				"INFOPLIST_KEY_UILaunchScreen_Generation[sdk=iphoneos*]" = YES;
				"INFOPLIST_KEY_UILaunchScreen_Generation[sdk=iphonesimulator*]" = YES;
				"INFOPLIST_KEY_UIStatusBarStyle[sdk=iphoneos*]" = UIStatusBarStyleDefault;
				"INFOPLIST_KEY_UIStatusBarStyle[sdk=iphonesimulator*]" = UIStatusBarStyleDefault;
				INFOPLIST_KEY_UISupportedInterfaceOrientations_iPad = "UIInterfaceOrientationPortrait UIInterfaceOrientationPortraitUpsideDown UIInterfaceOrientationLandscapeLeft UIInterfaceOrientationLandscapeRight";
				INFOPLIST_KEY_UISupportedInterfaceOrientations_iPhone = "UIInterfaceOrientationPortrait UIInterfaceOrientationLandscapeLeft UIInterfaceOrientationLandscapeRight";
				IPHONEOS_DEPLOYMENT_TARGET = 17.5;
				LD_RUNPATH_SEARCH_PATHS = "@executable_path/Frameworks";
				"LD_RUNPATH_SEARCH_PATHS[sdk=macosx*]" = "@executable_path/../Frameworks";
				MACOSX_DEPLOYMENT_TARGET = 14.0;
				MARKETING_VERSION = 1.0;
				PRODUCT_BUNDLE_IDENTIFIER = com.ingazingadinga.FlickrSearchr;
				PRODUCT_NAME = "$(TARGET_NAME)";
				SDKROOT = auto;
				SUPPORTED_PLATFORMS = "iphoneos iphonesimulator macosx";
				SWIFT_EMIT_LOC_STRINGS = YES;
				SWIFT_VERSION = 5.0;
				TARGETED_DEVICE_FAMILY = "1,2";
			};
			name = Release;
		};
		6E8EADD72C59DBF300D12A20 /* Debug */ = {
			isa = XCBuildConfiguration;
			buildSettings = {
				BUNDLE_LOADER = "$(TEST_HOST)";
				CODE_SIGN_STYLE = Automatic;
				CURRENT_PROJECT_VERSION = 1;
				DEAD_CODE_STRIPPING = YES;
				DEVELOPMENT_TEAM = 5HD6EEB69R;
				GENERATE_INFOPLIST_FILE = YES;
				IPHONEOS_DEPLOYMENT_TARGET = 17.5;
				MACOSX_DEPLOYMENT_TARGET = 14.5;
				MARKETING_VERSION = 1.0;
				PRODUCT_BUNDLE_IDENTIFIER = com.ingazingadinga.FlickrSearchrTests;
				PRODUCT_NAME = "$(TARGET_NAME)";
				SDKROOT = auto;
				SUPPORTED_PLATFORMS = "iphoneos iphonesimulator macosx";
				SWIFT_EMIT_LOC_STRINGS = NO;
				SWIFT_VERSION = 5.0;
				TARGETED_DEVICE_FAMILY = "1,2";
				TEST_HOST = "$(BUILT_PRODUCTS_DIR)/FlickrSearchr.app/$(BUNDLE_EXECUTABLE_FOLDER_PATH)/FlickrSearchr";
			};
			name = Debug;
		};
		6E8EADD82C59DBF300D12A20 /* Release */ = {
			isa = XCBuildConfiguration;
			buildSettings = {
				BUNDLE_LOADER = "$(TEST_HOST)";
				CODE_SIGN_STYLE = Automatic;
				CURRENT_PROJECT_VERSION = 1;
				DEAD_CODE_STRIPPING = YES;
				DEVELOPMENT_TEAM = 5HD6EEB69R;
				GENERATE_INFOPLIST_FILE = YES;
				IPHONEOS_DEPLOYMENT_TARGET = 17.5;
				MACOSX_DEPLOYMENT_TARGET = 14.5;
				MARKETING_VERSION = 1.0;
				PRODUCT_BUNDLE_IDENTIFIER = com.ingazingadinga.FlickrSearchrTests;
				PRODUCT_NAME = "$(TARGET_NAME)";
				SDKROOT = auto;
				SUPPORTED_PLATFORMS = "iphoneos iphonesimulator macosx";
				SWIFT_EMIT_LOC_STRINGS = NO;
				SWIFT_VERSION = 5.0;
				TARGETED_DEVICE_FAMILY = "1,2";
				TEST_HOST = "$(BUILT_PRODUCTS_DIR)/FlickrSearchr.app/$(BUNDLE_EXECUTABLE_FOLDER_PATH)/FlickrSearchr";
			};
			name = Release;
		};
		6E8EADDA2C59DBF300D12A20 /* Debug */ = {
			isa = XCBuildConfiguration;
			buildSettings = {
				CODE_SIGN_STYLE = Automatic;
				CURRENT_PROJECT_VERSION = 1;
				DEAD_CODE_STRIPPING = YES;
				DEVELOPMENT_TEAM = 5HD6EEB69R;
				GENERATE_INFOPLIST_FILE = YES;
				IPHONEOS_DEPLOYMENT_TARGET = 17.5;
				MACOSX_DEPLOYMENT_TARGET = 14.5;
				MARKETING_VERSION = 1.0;
				PRODUCT_BUNDLE_IDENTIFIER = com.ingazingadinga.FlickrSearchrUITests;
				PRODUCT_NAME = "$(TARGET_NAME)";
				SDKROOT = auto;
				SUPPORTED_PLATFORMS = "iphoneos iphonesimulator macosx";
				SWIFT_EMIT_LOC_STRINGS = NO;
				SWIFT_VERSION = 5.0;
				TARGETED_DEVICE_FAMILY = "1,2";
				TEST_TARGET_NAME = FlickrSearchr;
			};
			name = Debug;
		};
		6E8EADDB2C59DBF300D12A20 /* Release */ = {
			isa = XCBuildConfiguration;
			buildSettings = {
				CODE_SIGN_STYLE = Automatic;
				CURRENT_PROJECT_VERSION = 1;
				DEAD_CODE_STRIPPING = YES;
				DEVELOPMENT_TEAM = 5HD6EEB69R;
				GENERATE_INFOPLIST_FILE = YES;
				IPHONEOS_DEPLOYMENT_TARGET = 17.5;
				MACOSX_DEPLOYMENT_TARGET = 14.5;
				MARKETING_VERSION = 1.0;
				PRODUCT_BUNDLE_IDENTIFIER = com.ingazingadinga.FlickrSearchrUITests;
				PRODUCT_NAME = "$(TARGET_NAME)";
				SDKROOT = auto;
				SUPPORTED_PLATFORMS = "iphoneos iphonesimulator macosx";
				SWIFT_EMIT_LOC_STRINGS = NO;
				SWIFT_VERSION = 5.0;
				TARGETED_DEVICE_FAMILY = "1,2";
				TEST_TARGET_NAME = FlickrSearchr;
			};
			name = Release;
		};
/* End XCBuildConfiguration section */

/* Begin XCConfigurationList section */
		6E8EADA72C59DBF200D12A20 /* Build configuration list for PBXProject "FlickrSearchr" */ = {
			isa = XCConfigurationList;
			buildConfigurations = (
				6E8EADD12C59DBF300D12A20 /* Debug */,
				6E8EADD22C59DBF300D12A20 /* Release */,
			);
			defaultConfigurationIsVisible = 0;
			defaultConfigurationName = Release;
		};
		6E8EADD32C59DBF300D12A20 /* Build configuration list for PBXNativeTarget "FlickrSearchr" */ = {
			isa = XCConfigurationList;
			buildConfigurations = (
				6E8EADD42C59DBF300D12A20 /* Debug */,
				6E8EADD52C59DBF300D12A20 /* Release */,
			);
			defaultConfigurationIsVisible = 0;
			defaultConfigurationName = Release;
		};
		6E8EADD62C59DBF300D12A20 /* Build configuration list for PBXNativeTarget "FlickrSearchrTests" */ = {
			isa = XCConfigurationList;
			buildConfigurations = (
				6E8EADD72C59DBF300D12A20 /* Debug */,
				6E8EADD82C59DBF300D12A20 /* Release */,
			);
			defaultConfigurationIsVisible = 0;
			defaultConfigurationName = Release;
		};
		6E8EADD92C59DBF300D12A20 /* Build configuration list for PBXNativeTarget "FlickrSearchrUITests" */ = {
			isa = XCConfigurationList;
			buildConfigurations = (
				6E8EADDA2C59DBF300D12A20 /* Debug */,
				6E8EADDB2C59DBF300D12A20 /* Release */,
			);
			defaultConfigurationIsVisible = 0;
			defaultConfigurationName = Release;
		};
/* End XCConfigurationList section */

/* Begin XCRemoteSwiftPackageReference section */
		6E8EADDE2C59E60800D12A20 /* XCRemoteSwiftPackageReference "papyrus" */ = {
			isa = XCRemoteSwiftPackageReference;
			repositoryURL = "https://github.com/joshuawright11/papyrus.git";
			requirement = {
				kind = upToNextMajorVersion;
				minimumVersion = 0.1.0;
			};
		};
		6E8EADE52C5A027600D12A20 /* XCRemoteSwiftPackageReference "Kingfisher" */ = {
			isa = XCRemoteSwiftPackageReference;
			repositoryURL = "https://github.com/onevcat/Kingfisher.git";
			requirement = {
				kind = upToNextMajorVersion;
				minimumVersion = 7.12.0;
			};
		};
/* End XCRemoteSwiftPackageReference section */

/* Begin XCSwiftPackageProductDependency section */
		6E8EADDF2C59E60800D12A20 /* Papyrus */ = {
			isa = XCSwiftPackageProductDependency;
			package = 6E8EADDE2C59E60800D12A20 /* XCRemoteSwiftPackageReference "papyrus" */;
			productName = Papyrus;
		};
		6E8EADE12C59E60800D12A20 /* PapyrusCore */ = {
			isa = XCSwiftPackageProductDependency;
			package = 6E8EADDE2C59E60800D12A20 /* XCRemoteSwiftPackageReference "papyrus" */;
			productName = PapyrusCore;
		};
		6E8EADE62C5A027600D12A20 /* Kingfisher */ = {
			isa = XCSwiftPackageProductDependency;
			package = 6E8EADE52C5A027600D12A20 /* XCRemoteSwiftPackageReference "Kingfisher" */;
			productName = Kingfisher;
		};
/* End XCSwiftPackageProductDependency section */
	};
	rootObject = 6E8EADA42C59DBF200D12A20 /* Project object */;
}
